{
  "name": "Homepage",
  "lockfileVersion": 3,
  "requires": true,
  "packages": {
    "": {
      "dependencies": {
        "@creativebulma/bulma-collapsible": "^1.0.4",
        "bulma": "^0.9.4",
        "bulma-social": "^2.1.0",
        "bulma-timeline": "^3.0.5"
      }
    },
    "node_modules/@creativebulma/bulma-collapsible": {
      "version": "1.0.4",
      "resolved": "https://registry.npmjs.org/@creativebulma/bulma-collapsible/-/bulma-collapsible-1.0.4.tgz",
      "integrity": "sha512-aNqSwyuJxshoIc4oD3wJ3eRqOANRweYfpzqmef/fj5tf0Yn7UVx99yh8ovY6vhB8Il31bFcc7f/eRfJvEMNUPw==",
      "dependencies": {
        "bulma": "latest"
      }
    },
    "node_modules/bulma": {
      "version": "0.9.4",
      "resolved": "https://registry.npmjs.org/bulma/-/bulma-0.9.4.tgz",
      "integrity": "sha512-86FlT5+1GrsgKbPLRRY7cGDg8fsJiP/jzTqXXVqiUZZ2aZT8uemEOHlU1CDU+TxklPEZ11HZNNWclRBBecP4CQ=="
    },
    "node_modules/bulma-social": {
      "version": "2.1.0",
      "resolved": "https://registry.npmjs.org/bulma-social/-/bulma-social-2.1.0.tgz",
      "integrity": "sha512-G03NjzdH/o2fA9VR2FvORx1NblOCpGqhpDtMRQUX53hv3l+qpuzUiNfcv+OLLGOtwDuLRGfhzUEaBJ73i8OnBQ=="
    },
    "node_modules/bulma-timeline": {
      "version": "3.0.5",
      "resolved": "https://registry.npmjs.org/bulma-timeline/-/bulma-timeline-3.0.5.tgz",
      "integrity": "sha512-gBwdx7PmAEZ/+5zSn/ZBJBqkenT8wi+9nlD0uP8lXa3rGcbhG+fp8Oz98+3O10LQPlUEdKPYEUxtQ55okRfhTQ=="
    }
  }
}
